
Microsoft Visual Studio Solution File, Format Version 12.00
# Visual Studio 15
VisualStudioVersion = 15.0.27703.2035
MinimumVisualStudioVersion = 10.0.40219.1
Project("{FAE04EC0-301F-11D3-BF4B-00C04F79EFBC}") = "SimpleWeb", "SimpleWeb\SimpleWeb.csproj", "{4E22676A-ABBF-4802-9E7D-AF72F9D64564}"
EndProject
Global
	GlobalSection(SolutionConfigurationPlatforms) = preSolution
		Debug|Any CPU = Debug|Any CPU
		Release|Any CPU = Release|Any CPU
	EndGlobalSection
	GlobalSection(ProjectConfigurationPlatforms) = postSolution
		{4E22676A-ABBF-4802-9E7D-AF72F9D64564}.Debug|Any CPU.ActiveCfg = Debug|Any CPU
		{4E22676A-ABBF-4802-9E7D-AF72F9D64564}.Debug|Any CPU.Build.0 = Debug|Any CPU
		{4E22676A-ABBF-4802-9E7D-AF72F9D64564}.Release|Any CPU.ActiveCfg = Release|Any CPU
		{4E22676A-ABBF-4802-9E7D-AF72F9D64564}.Release|Any CPU.Build.0 = Release|Any CPU
	EndGlobalSection
	GlobalSection(SolutionProperties) = preSolution
		HideSolutionNode = FALSE
	EndGlobalSection
	GlobalSection(ExtensibilityGlobals) = postSolution
		SolutionGuid = {A389851B-86C2-4825-B3C4-AD20BE57B469}
	EndGlobalSection
EndGlobal
